
Microsoft Visual Studio Solution File, Format Version 12.00
# Visual Studio Version 17
VisualStudioVersion = 17.5.33516.290
MinimumVisualStudioVersion = 10.0.40219.1
Project("{FAE04EC0-301F-11D3-BF4B-00C04F79EFBC}") = "ManagerPeopleApi", "ManagerPeopleApi.csproj", "{50430C5E-FC75-4B31-A16E-FF9AE3F4A506}"
EndProject
Project("{FAE04EC0-301F-11D3-BF4B-00C04F79EFBC}") = "DBPeople", "..\DBPeople\DBPeople.csproj", "{328C1D01-159A-4C69-9779-07A6B65075D6}"
EndProject
Global
	GlobalSection(SolutionConfigurationPlatforms) = preSolution
		Debug|Any CPU = Debug|Any CPU
		Release|Any CPU = Release|Any CPU
	EndGlobalSection
	GlobalSection(ProjectConfigurationPlatforms) = postSolution
		{50430C5E-FC75-4B31-A16E-FF9AE3F4A506}.Debug|Any CPU.ActiveCfg = Debug|Any CPU
		{50430C5E-FC75-4B31-A16E-FF9AE3F4A506}.Debug|Any CPU.Build.0 = Debug|Any CPU
		{50430C5E-FC75-4B31-A16E-FF9AE3F4A506}.Release|Any CPU.ActiveCfg = Release|Any CPU
		{50430C5E-FC75-4B31-A16E-FF9AE3F4A506}.Release|Any CPU.Build.0 = Release|Any CPU
		{328C1D01-159A-4C69-9779-07A6B65075D6}.Debug|Any CPU.ActiveCfg = Debug|Any CPU
		{328C1D01-159A-4C69-9779-07A6B65075D6}.Debug|Any CPU.Build.0 = Debug|Any CPU
		{328C1D01-159A-4C69-9779-07A6B65075D6}.Release|Any CPU.ActiveCfg = Release|Any CPU
		{328C1D01-159A-4C69-9779-07A6B65075D6}.Release|Any CPU.Build.0 = Release|Any CPU
	EndGlobalSection
	GlobalSection(SolutionProperties) = preSolution
		HideSolutionNode = FALSE
	EndGlobalSection
	GlobalSection(ExtensibilityGlobals) = postSolution
		SolutionGuid = {6EF8013F-5AAC-4E56-8975-5BE7D04EABB2}
	EndGlobalSection
EndGlobal
